
Microsoft Visual Studio Solution File, Format Version 12.00
# Visual Studio Version 17
VisualStudioVersion = 17.13.35818.85 d17.13
MinimumVisualStudioVersion = 10.0.40219.1
Project("{FAE04EC0-301F-11D3-BF4B-00C04F79EFBC}") = "AdPlatformLocator", "AdPlatformLocator\AdPlatformLocator.csproj", "{CFD791C8-D08F-44D6-8703-A5A31F423C1C}"
EndProject
Global
	GlobalSection(SolutionConfigurationPlatforms) = preSolution
		Debug|Any CPU = Debug|Any CPU
		Release|Any CPU = Release|Any CPU
	EndGlobalSection
	GlobalSection(ProjectConfigurationPlatforms) = postSolution
		{CFD791C8-D08F-44D6-8703-A5A31F423C1C}.Debug|Any CPU.ActiveCfg = Debug|Any CPU
		{CFD791C8-D08F-44D6-8703-A5A31F423C1C}.Debug|Any CPU.Build.0 = Debug|Any CPU
		{CFD791C8-D08F-44D6-8703-A5A31F423C1C}.Release|Any CPU.ActiveCfg = Release|Any CPU
		{CFD791C8-D08F-44D6-8703-A5A31F423C1C}.Release|Any CPU.Build.0 = Release|Any CPU
	EndGlobalSection
	GlobalSection(SolutionProperties) = preSolution
		HideSolutionNode = FALSE
	EndGlobalSection
	GlobalSection(ExtensibilityGlobals) = postSolution
		SolutionGuid = {3476345D-5884-496D-8D5C-8C9259D28810}
	EndGlobalSection
EndGlobal
